<?xml version="1.0" encoding="utf-8"?>
<Project ToolsVersion="4.0" xmlns="http://schemas.microsoft.com/developer/msbuild/2003">
  <ItemGroup>
    <ClInclude Include="matrix.hpp" />
    <ClInclude Include="transformation.hpp" />
    <ClInclude Include="vector.hpp" />
  </ItemGroup>
  <ItemGroup>
    <ClCompile Include="linear_algebra.cpp" />
  </ItemGroup>
</Project>